// !$*UTF8*$!
{
	archiveVersion = 1;
	classes = {
	};
	objectVersion = 45;
	objects = {

/* Begin PBXBuildFile section */
		0117757C120F910700D94A9D /* icon.png in Resources */ = {isa = PBXBuildFile; fileRef = 0117757B120F910700D94A9D /* icon.png */; };
		011C4077121353D9000BBD66 /* StringHelper.m in Sources */ = {isa = PBXBuildFile; fileRef = 011C4076121353D9000BBD66 /* StringHelper.m */; };
		0152F4421215461C00010D2A /* style.css in Resources */ = {isa = PBXBuildFile; fileRef = 0152F4411215461C00010D2A /* style.css */; };
		016CFC6C120F61CC00F14E52 /* ThreadViewController.m in Sources */ = {isa = PBXBuildFile; fileRef = 016CFC6A120F61CC00F14E52 /* ThreadViewController.m */; };
		016CFC6D120F61CC00F14E52 /* ThreadViewController.xib in Resources */ = {isa = PBXBuildFile; fileRef = 016CFC6B120F61CC00F14E52 /* ThreadViewController.xib */; };
		016CFCA9120F64CD00F14E52 /* ThreadParserOperation.m in Sources */ = {isa = PBXBuildFile; fileRef = 016CFCA8120F64CD00F14E52 /* ThreadParserOperation.m */; };
		016CFD14120F6AA900F14E52 /* PostViewController.m in Sources */ = {isa = PBXBuildFile; fileRef = 016CFD12120F6AA900F14E52 /* PostViewController.m */; };
		016CFD15120F6AA900F14E52 /* PostViewController.xib in Resources */ = {isa = PBXBuildFile; fileRef = 016CFD13120F6AA900F14E52 /* PostViewController.xib */; };
		016CFD18120F6B9100F14E52 /* PostParserOperation.m in Sources */ = {isa = PBXBuildFile; fileRef = 016CFD17120F6B9100F14E52 /* PostParserOperation.m */; };
		016CFDD3120F74F900F14E52 /* BBPostEntryCell.xib in Resources */ = {isa = PBXBuildFile; fileRef = 016CFDD2120F74F900F14E52 /* BBPostEntryCell.xib */; };
		016CFDD6120F750A00F14E52 /* BBPostEntryCell.m in Sources */ = {isa = PBXBuildFile; fileRef = 016CFDD5120F750A00F14E52 /* BBPostEntryCell.m */; };
		017D0DBF121037D3002BAE6A /* ConnectionDelegate.m in Sources */ = {isa = PBXBuildFile; fileRef = 017D0DBE121037D3002BAE6A /* ConnectionDelegate.m */; };
		01DA4D9712108DAF00B52316 /* CustomCell.xib in Resources */ = {isa = PBXBuildFile; fileRef = 01DA4D9612108DAF00B52316 /* CustomCell.xib */; };
		01EEFB01120ED2760073C08D /* SectionRecord.m in Sources */ = {isa = PBXBuildFile; fileRef = 01EEFB00120ED2760073C08D /* SectionRecord.m */; };
		01EEFB06120ED4480073C08D /* PostRecord.m in Sources */ = {isa = PBXBuildFile; fileRef = 01EEFB05120ED4480073C08D /* PostRecord.m */; };
		01EEFB0B120ED9CB0073C08D /* UserRecord.m in Sources */ = {isa = PBXBuildFile; fileRef = 01EEFB0A120ED9CB0073C08D /* UserRecord.m */; };
		01EEFB14120EDC7B0073C08D /* ThreadRecord.m in Sources */ = {isa = PBXBuildFile; fileRef = 01EEFB13120EDC7B0073C08D /* ThreadRecord.m */; };
		01EEFB17120EDDF90073C08D /* BoardRecord.m in Sources */ = {isa = PBXBuildFile; fileRef = 01EEFB16120EDDF90073C08D /* BoardRecord.m */; };
		01EEFB85120EF1230073C08D /* ParseOperation.m in Sources */ = {isa = PBXBuildFile; fileRef = 01EEFB84120EF1230073C08D /* ParseOperation.m */; };
		01EEFB89120EF25B0073C08D /* SectionParserOperation.m in Sources */ = {isa = PBXBuildFile; fileRef = 01EEFB88120EF25B0073C08D /* SectionParserOperation.m */; };
		1D3623260D0F684500981E51 /* blueBoardPhoneAppDelegate.m in Sources */ = {isa = PBXBuildFile; fileRef = 1D3623250D0F684500981E51 /* blueBoardPhoneAppDelegate.m */; };
		1D60589B0D05DD56006BFB54 /* main.m in Sources */ = {isa = PBXBuildFile; fileRef = 29B97316FDCFA39411CA2CEA /* main.m */; };
		1D60589F0D05DD5A006BFB54 /* Foundation.framework in Frameworks */ = {isa = PBXBuildFile; fileRef = 1D30AB110D05D00D00671497 /* Foundation.framework */; };
		1DF5F4E00D08C38300B7A737 /* UIKit.framework in Frameworks */ = {isa = PBXBuildFile; fileRef = 1DF5F4DF0D08C38300B7A737 /* UIKit.framework */; };
		2892E4100DC94CBA00A64D0F /* CoreGraphics.framework in Frameworks */ = {isa = PBXBuildFile; fileRef = 2892E40F0DC94CBA00A64D0F /* CoreGraphics.framework */; };
		28AD73600D9D9599002E5188 /* MainWindow.xib in Resources */ = {isa = PBXBuildFile; fileRef = 28AD735F0D9D9599002E5188 /* MainWindow.xib */; };
		28C286E10D94DF7D0034E888 /* RootViewController.m in Sources */ = {isa = PBXBuildFile; fileRef = 28C286E00D94DF7D0034E888 /* RootViewController.m */; };
		28F335F11007B36200424DE2 /* RootViewController.xib in Resources */ = {isa = PBXBuildFile; fileRef = 28F335F01007B36200424DE2 /* RootViewController.xib */; };
/* End PBXBuildFile section */

/* Begin PBXFileReference section */
		0117757B120F910700D94A9D /* icon.png */ = {isa = PBXFileReference; lastKnownFileType = image.png; path = icon.png; sourceTree = "<group>"; };
		011C4075121353D9000BBD66 /* StringHelper.h */ = {isa = PBXFileReference; fileEncoding = 4; lastKnownFileType = sourcecode.c.h; path = StringHelper.h; sourceTree = "<group>"; };
		011C4076121353D9000BBD66 /* StringHelper.m */ = {isa = PBXFileReference; fileEncoding = 4; lastKnownFileType = sourcecode.c.objc; path = StringHelper.m; sourceTree = "<group>"; };
		0152F4411215461C00010D2A /* style.css */ = {isa = PBXFileReference; fileEncoding = 4; lastKnownFileType = text.css; path = style.css; sourceTree = "<group>"; };
		016CFC69120F61CC00F14E52 /* ThreadViewController.h */ = {isa = PBXFileReference; fileEncoding = 4; lastKnownFileType = sourcecode.c.h; path = ThreadViewController.h; sourceTree = "<group>"; };
		016CFC6A120F61CC00F14E52 /* ThreadViewController.m */ = {isa = PBXFileReference; fileEncoding = 4; lastKnownFileType = sourcecode.c.objc; path = ThreadViewController.m; sourceTree = "<group>"; };
		016CFC6B120F61CC00F14E52 /* ThreadViewController.xib */ = {isa = PBXFileReference; lastKnownFileType = file.xib; name = ThreadViewController.xib; path = Classes/ThreadViewController.xib; sourceTree = "<group>"; };
		016CFCA7120F64CD00F14E52 /* ThreadParserOperation.h */ = {isa = PBXFileReference; fileEncoding = 4; lastKnownFileType = sourcecode.c.h; path = ThreadParserOperation.h; sourceTree = "<group>"; };
		016CFCA8120F64CD00F14E52 /* ThreadParserOperation.m */ = {isa = PBXFileReference; fileEncoding = 4; lastKnownFileType = sourcecode.c.objc; path = ThreadParserOperation.m; sourceTree = "<group>"; };
		016CFD11120F6AA900F14E52 /* PostViewController.h */ = {isa = PBXFileReference; fileEncoding = 4; lastKnownFileType = sourcecode.c.h; path = PostViewController.h; sourceTree = "<group>"; };
		016CFD12120F6AA900F14E52 /* PostViewController.m */ = {isa = PBXFileReference; fileEncoding = 4; lastKnownFileType = sourcecode.c.objc; path = PostViewController.m; sourceTree = "<group>"; };
		016CFD13120F6AA900F14E52 /* PostViewController.xib */ = {isa = PBXFileReference; lastKnownFileType = file.xib; name = PostViewController.xib; path = Classes/PostViewController.xib; sourceTree = "<group>"; };
		016CFD16120F6B9100F14E52 /* PostParserOperation.h */ = {isa = PBXFileReference; fileEncoding = 4; lastKnownFileType = sourcecode.c.h; path = PostParserOperation.h; sourceTree = "<group>"; };
		016CFD17120F6B9100F14E52 /* PostParserOperation.m */ = {isa = PBXFileReference; fileEncoding = 4; lastKnownFileType = sourcecode.c.objc; path = PostParserOperation.m; sourceTree = "<group>"; };
		016CFDD2120F74F900F14E52 /* BBPostEntryCell.xib */ = {isa = PBXFileReference; lastKnownFileType = file.xib; path = BBPostEntryCell.xib; sourceTree = "<group>"; };
		016CFDD4120F750A00F14E52 /* BBPostEntryCell.h */ = {isa = PBXFileReference; fileEncoding = 4; lastKnownFileType = sourcecode.c.h; path = BBPostEntryCell.h; sourceTree = "<group>"; };
		016CFDD5120F750A00F14E52 /* BBPostEntryCell.m */ = {isa = PBXFileReference; fileEncoding = 4; lastKnownFileType = sourcecode.c.objc; path = BBPostEntryCell.m; sourceTree = "<group>"; };
		017D0DBD121037D3002BAE6A /* ConnectionDelegate.h */ = {isa = PBXFileReference; fileEncoding = 4; lastKnownFileType = sourcecode.c.h; path = ConnectionDelegate.h; sourceTree = "<group>"; };
		017D0DBE121037D3002BAE6A /* ConnectionDelegate.m */ = {isa = PBXFileReference; fileEncoding = 4; lastKnownFileType = sourcecode.c.objc; path = ConnectionDelegate.m; sourceTree = "<group>"; };
		01DA4D9612108DAF00B52316 /* CustomCell.xib */ = {isa = PBXFileReference; lastKnownFileType = file.xib; path = CustomCell.xib; sourceTree = "<group>"; };
		01EEFAFF120ED2760073C08D /* SectionRecord.h */ = {isa = PBXFileReference; fileEncoding = 4; lastKnownFileType = sourcecode.c.h; path = SectionRecord.h; sourceTree = "<group>"; };
		01EEFB00120ED2760073C08D /* SectionRecord.m */ = {isa = PBXFileReference; fileEncoding = 4; lastKnownFileType = sourcecode.c.objc; path = SectionRecord.m; sourceTree = "<group>"; };
		01EEFB04120ED4480073C08D /* PostRecord.h */ = {isa = PBXFileReference; fileEncoding = 4; lastKnownFileType = sourcecode.c.h; path = PostRecord.h; sourceTree = "<group>"; };
		01EEFB05120ED4480073C08D /* PostRecord.m */ = {isa = PBXFileReference; fileEncoding = 4; lastKnownFileType = sourcecode.c.objc; path = PostRecord.m; sourceTree = "<group>"; };
		01EEFB09120ED9CB0073C08D /* UserRecord.h */ = {isa = PBXFileReference; fileEncoding = 4; lastKnownFileType = sourcecode.c.h; path = UserRecord.h; sourceTree = "<group>"; };
		01EEFB0A120ED9CB0073C08D /* UserRecord.m */ = {isa = PBXFileReference; fileEncoding = 4; lastKnownFileType = sourcecode.c.objc; path = UserRecord.m; sourceTree = "<group>"; };
		01EEFB12120EDC7B0073C08D /* ThreadRecord.h */ = {isa = PBXFileReference; fileEncoding = 4; lastKnownFileType = sourcecode.c.h; path = ThreadRecord.h; sourceTree = "<group>"; };
		01EEFB13120EDC7B0073C08D /* ThreadRecord.m */ = {isa = PBXFileReference; fileEncoding = 4; lastKnownFileType = sourcecode.c.objc; path = ThreadRecord.m; sourceTree = "<group>"; };
		01EEFB15120EDDF90073C08D /* BoardRecord.h */ = {isa = PBXFileReference; fileEncoding = 4; lastKnownFileType = sourcecode.c.h; path = BoardRecord.h; sourceTree = "<group>"; };
		01EEFB16120EDDF90073C08D /* BoardRecord.m */ = {isa = PBXFileReference; fileEncoding = 4; lastKnownFileType = sourcecode.c.objc; path = BoardRecord.m; sourceTree = "<group>"; };
		01EEFB83120EF1230073C08D /* ParseOperation.h */ = {isa = PBXFileReference; fileEncoding = 4; lastKnownFileType = sourcecode.c.h; path = ParseOperation.h; sourceTree = "<group>"; };
		01EEFB84120EF1230073C08D /* ParseOperation.m */ = {isa = PBXFileReference; fileEncoding = 4; lastKnownFileType = sourcecode.c.objc; path = ParseOperation.m; sourceTree = "<group>"; };
		01EEFB87120EF25B0073C08D /* SectionParserOperation.h */ = {isa = PBXFileReference; fileEncoding = 4; lastKnownFileType = sourcecode.c.h; path = SectionParserOperation.h; sourceTree = "<group>"; };
		01EEFB88120EF25B0073C08D /* SectionParserOperation.m */ = {isa = PBXFileReference; fileEncoding = 4; lastKnownFileType = sourcecode.c.objc; path = SectionParserOperation.m; sourceTree = "<group>"; };
		1D30AB110D05D00D00671497 /* Foundation.framework */ = {isa = PBXFileReference; lastKnownFileType = wrapper.framework; name = Foundation.framework; path = System/Library/Frameworks/Foundation.framework; sourceTree = SDKROOT; };
		1D3623240D0F684500981E51 /* blueBoardPhoneAppDelegate.h */ = {isa = PBXFileReference; fileEncoding = 4; lastKnownFileType = sourcecode.c.h; path = blueBoardPhoneAppDelegate.h; sourceTree = "<group>"; };
		1D3623250D0F684500981E51 /* blueBoardPhoneAppDelegate.m */ = {isa = PBXFileReference; fileEncoding = 4; lastKnownFileType = sourcecode.c.objc; path = blueBoardPhoneAppDelegate.m; sourceTree = "<group>"; };
		1D6058910D05DD3D006BFB54 /* blueBoardPhone.app */ = {isa = PBXFileReference; explicitFileType = wrapper.application; includeInIndex = 0; path = blueBoardPhone.app; sourceTree = BUILT_PRODUCTS_DIR; };
		1DF5F4DF0D08C38300B7A737 /* UIKit.framework */ = {isa = PBXFileReference; lastKnownFileType = wrapper.framework; name = UIKit.framework; path = System/Library/Frameworks/UIKit.framework; sourceTree = SDKROOT; };
		2892E40F0DC94CBA00A64D0F /* CoreGraphics.framework */ = {isa = PBXFileReference; lastKnownFileType = wrapper.framework; name = CoreGraphics.framework; path = System/Library/Frameworks/CoreGraphics.framework; sourceTree = SDKROOT; };
		28A0AAE50D9B0CCF005BE974 /* blueBoardPhone_Prefix.pch */ = {isa = PBXFileReference; fileEncoding = 4; lastKnownFileType = sourcecode.c.h; path = blueBoardPhone_Prefix.pch; sourceTree = "<group>"; };
		28AD735F0D9D9599002E5188 /* MainWindow.xib */ = {isa = PBXFileReference; lastKnownFileType = file.xib; path = MainWindow.xib; sourceTree = "<group>"; };
		28C286DF0D94DF7D0034E888 /* RootViewController.h */ = {isa = PBXFileReference; fileEncoding = 4; lastKnownFileType = sourcecode.c.h; path = RootViewController.h; sourceTree = "<group>"; };
		28C286E00D94DF7D0034E888 /* RootViewController.m */ = {isa = PBXFileReference; fileEncoding = 4; lastKnownFileType = sourcecode.c.objc; path = RootViewController.m; sourceTree = "<group>"; };
		28F335F01007B36200424DE2 /* RootViewController.xib */ = {isa = PBXFileReference; lastKnownFileType = file.xib; path = RootViewController.xib; sourceTree = "<group>"; };
		29B97316FDCFA39411CA2CEA /* main.m */ = {isa = PBXFileReference; fileEncoding = 4; lastKnownFileType = sourcecode.c.objc; path = main.m; sourceTree = "<group>"; };
		8D1107310486CEB800E47090 /* blueBoardPhone-Info.plist */ = {isa = PBXFileReference; fileEncoding = 4; lastKnownFileType = text.plist.xml; path = "blueBoardPhone-Info.plist"; plistStructureDefinitionIdentifier = "com.apple.xcode.plist.structure-definition.iphone.info-plist"; sourceTree = "<group>"; };
/* End PBXFileReference section */

/* Begin PBXFrameworksBuildPhase section */
		1D60588F0D05DD3D006BFB54 /* Frameworks */ = {
			isa = PBXFrameworksBuildPhase;
			buildActionMask = 2147483647;
			files = (
				1D60589F0D05DD5A006BFB54 /* Foundation.framework in Frameworks */,
				1DF5F4E00D08C38300B7A737 /* UIKit.framework in Frameworks */,
				2892E4100DC94CBA00A64D0F /* CoreGraphics.framework in Frameworks */,
			);
			runOnlyForDeploymentPostprocessing = 0;
		};
/* End PBXFrameworksBuildPhase section */

/* Begin PBXGroup section */
		01EEFB0F120EDC3C0073C08D /* Models */ = {
			isa = PBXGroup;
			children = (
				01EEFAFF120ED2760073C08D /* SectionRecord.h */,
				01EEFB00120ED2760073C08D /* SectionRecord.m */,
				01EEFB04120ED4480073C08D /* PostRecord.h */,
				01EEFB05120ED4480073C08D /* PostRecord.m */,
				01EEFB09120ED9CB0073C08D /* UserRecord.h */,
				01EEFB0A120ED9CB0073C08D /* UserRecord.m */,
				01EEFB12120EDC7B0073C08D /* ThreadRecord.h */,
				01EEFB13120EDC7B0073C08D /* ThreadRecord.m */,
				01EEFB15120EDDF90073C08D /* BoardRecord.h */,
				01EEFB16120EDDF90073C08D /* BoardRecord.m */,
			);
			name = Models;
			sourceTree = "<group>";
		};
		01EEFB10120EDC520073C08D /* Controllers */ = {
			isa = PBXGroup;
			children = (
				28C286DF0D94DF7D0034E888 /* RootViewController.h */,
				28C286E00D94DF7D0034E888 /* RootViewController.m */,
				016CFC69120F61CC00F14E52 /* ThreadViewController.h */,
				016CFC6A120F61CC00F14E52 /* ThreadViewController.m */,
				016CFD11120F6AA900F14E52 /* PostViewController.h */,
				016CFD12120F6AA900F14E52 /* PostViewController.m */,
			);
			name = Controllers;
			sourceTree = "<group>";
		};
		01EEFB11120EDC640073C08D /* Delegates */ = {
			isa = PBXGroup;
			children = (
				1D3623240D0F684500981E51 /* blueBoardPhoneAppDelegate.h */,
				1D3623250D0F684500981E51 /* blueBoardPhoneAppDelegate.m */,
				017D0DBD121037D3002BAE6A /* ConnectionDelegate.h */,
				017D0DBE121037D3002BAE6A /* ConnectionDelegate.m */,
			);
			name = Delegates;
			sourceTree = "<group>";
		};
		01EEFB86120EF2450073C08D /* Parsers */ = {
			isa = PBXGroup;
			children = (
				01EEFB83120EF1230073C08D /* ParseOperation.h */,
				01EEFB84120EF1230073C08D /* ParseOperation.m */,
				01EEFB87120EF25B0073C08D /* SectionParserOperation.h */,
				01EEFB88120EF25B0073C08D /* SectionParserOperation.m */,
				016CFCA7120F64CD00F14E52 /* ThreadParserOperation.h */,
				016CFCA8120F64CD00F14E52 /* ThreadParserOperation.m */,
				016CFD16120F6B9100F14E52 /* PostParserOperation.h */,
				016CFD17120F6B9100F14E52 /* PostParserOperation.m */,
			);
			name = Parsers;
			sourceTree = "<group>";
		};
		080E96DDFE201D6D7F000001 /* Classes */ = {
			isa = PBXGroup;
			children = (
				016CFDD4120F750A00F14E52 /* BBPostEntryCell.h */,
				016CFDD5120F750A00F14E52 /* BBPostEntryCell.m */,
				01EEFB86120EF2450073C08D /* Parsers */,
				01EEFB11120EDC640073C08D /* Delegates */,
				01EEFB10120EDC520073C08D /* Controllers */,
				01EEFB0F120EDC3C0073C08D /* Models */,
				011C4075121353D9000BBD66 /* StringHelper.h */,
				011C4076121353D9000BBD66 /* StringHelper.m */,
			);
			path = Classes;
			sourceTree = "<group>";
		};
		19C28FACFE9D520D11CA2CBB /* Products */ = {
			isa = PBXGroup;
			children = (
				1D6058910D05DD3D006BFB54 /* blueBoardPhone.app */,
			);
			name = Products;
			sourceTree = "<group>";
		};
		29B97314FDCFA39411CA2CEA /* CustomTemplate */ = {
			isa = PBXGroup;
			children = (
				080E96DDFE201D6D7F000001 /* Classes */,
				29B97315FDCFA39411CA2CEA /* Other Sources */,
				29B97317FDCFA39411CA2CEA /* Resources */,
				29B97323FDCFA39411CA2CEA /* Frameworks */,
				19C28FACFE9D520D11CA2CBB /* Products */,
			);
			name = CustomTemplate;
			sourceTree = "<group>";
		};
		29B97315FDCFA39411CA2CEA /* Other Sources */ = {
			isa = PBXGroup;
			children = (
				28A0AAE50D9B0CCF005BE974 /* blueBoardPhone_Prefix.pch */,
				29B97316FDCFA39411CA2CEA /* main.m */,
				0117757B120F910700D94A9D /* icon.png */,
			);
			name = "Other Sources";
			sourceTree = "<group>";
		};
		29B97317FDCFA39411CA2CEA /* Resources */ = {
			isa = PBXGroup;
			children = (
				016CFDD2120F74F900F14E52 /* BBPostEntryCell.xib */,
				016CFD13120F6AA900F14E52 /* PostViewController.xib */,
				016CFC6B120F61CC00F14E52 /* ThreadViewController.xib */,
				28F335F01007B36200424DE2 /* RootViewController.xib */,
				28AD735F0D9D9599002E5188 /* MainWindow.xib */,
				8D1107310486CEB800E47090 /* blueBoardPhone-Info.plist */,
				01DA4D9612108DAF00B52316 /* CustomCell.xib */,
				0152F4411215461C00010D2A /* style.css */,
			);
			name = Resources;
			sourceTree = "<group>";
		};
		29B97323FDCFA39411CA2CEA /* Frameworks */ = {
			isa = PBXGroup;
			children = (
				1DF5F4DF0D08C38300B7A737 /* UIKit.framework */,
				1D30AB110D05D00D00671497 /* Foundation.framework */,
				2892E40F0DC94CBA00A64D0F /* CoreGraphics.framework */,
			);
			name = Frameworks;
			sourceTree = "<group>";
		};
/* End PBXGroup section */

/* Begin PBXNativeTarget section */
		1D6058900D05DD3D006BFB54 /* blueBoardPhone */ = {
			isa = PBXNativeTarget;
			buildConfigurationList = 1D6058960D05DD3E006BFB54 /* Build configuration list for PBXNativeTarget "blueBoardPhone" */;
			buildPhases = (
				1D60588D0D05DD3D006BFB54 /* Resources */,
				1D60588E0D05DD3D006BFB54 /* Sources */,
				1D60588F0D05DD3D006BFB54 /* Frameworks */,
			);
			buildRules = (
			);
			dependencies = (
			);
			name = blueBoardPhone;
			productName = blueBoardPhone;
			productReference = 1D6058910D05DD3D006BFB54 /* blueBoardPhone.app */;
			productType = "com.apple.product-type.application";
		};
/* End PBXNativeTarget section */

/* Begin PBXProject section */
		29B97313FDCFA39411CA2CEA /* Project object */ = {
			isa = PBXProject;
			buildConfigurationList = C01FCF4E08A954540054247B /* Build configuration list for PBXProject "blueBoardPhone" */;
			compatibilityVersion = "Xcode 3.1";
			hasScannedForEncodings = 1;
			knownRegions = (
				English,
				Japanese,
				French,
				German,
				en,
			);
			mainGroup = 29B97314FDCFA39411CA2CEA /* CustomTemplate */;
			projectDirPath = "";
			projectRoot = "";
			targets = (
				1D6058900D05DD3D006BFB54 /* blueBoardPhone */,
			);
		};
/* End PBXProject section */

/* Begin PBXResourcesBuildPhase section */
		1D60588D0D05DD3D006BFB54 /* Resources */ = {
			isa = PBXResourcesBuildPhase;
			buildActionMask = 2147483647;
			files = (
				28AD73600D9D9599002E5188 /* MainWindow.xib in Resources */,
				28F335F11007B36200424DE2 /* RootViewController.xib in Resources */,
				016CFC6D120F61CC00F14E52 /* ThreadViewController.xib in Resources */,
				016CFD15120F6AA900F14E52 /* PostViewController.xib in Resources */,
				016CFDD3120F74F900F14E52 /* BBPostEntryCell.xib in Resources */,
				0117757C120F910700D94A9D /* icon.png in Resources */,
				01DA4D9712108DAF00B52316 /* CustomCell.xib in Resources */,
				0152F4421215461C00010D2A /* style.css in Resources */,
			);
			runOnlyForDeploymentPostprocessing = 0;
		};
/* End PBXResourcesBuildPhase section */

/* Begin PBXSourcesBuildPhase section */
		1D60588E0D05DD3D006BFB54 /* Sources */ = {
			isa = PBXSourcesBuildPhase;
			buildActionMask = 2147483647;
			files = (
				1D60589B0D05DD56006BFB54 /* main.m in Sources */,
				1D3623260D0F684500981E51 /* blueBoardPhoneAppDelegate.m in Sources */,
				28C286E10D94DF7D0034E888 /* RootViewController.m in Sources */,
				01EEFB01120ED2760073C08D /* SectionRecord.m in Sources */,
				01EEFB06120ED4480073C08D /* PostRecord.m in Sources */,
				01EEFB0B120ED9CB0073C08D /* UserRecord.m in Sources */,
				01EEFB14120EDC7B0073C08D /* ThreadRecord.m in Sources */,
				01EEFB17120EDDF90073C08D /* BoardRecord.m in Sources */,
				01EEFB85120EF1230073C08D /* ParseOperation.m in Sources */,
				01EEFB89120EF25B0073C08D /* SectionParserOperation.m in Sources */,
				016CFC6C120F61CC00F14E52 /* ThreadViewController.m in Sources */,
				016CFCA9120F64CD00F14E52 /* ThreadParserOperation.m in Sources */,
				016CFD14120F6AA900F14E52 /* PostViewController.m in Sources */,
				016CFD18120F6B9100F14E52 /* PostParserOperation.m in Sources */,
				016CFDD6120F750A00F14E52 /* BBPostEntryCell.m in Sources */,
				017D0DBF121037D3002BAE6A /* ConnectionDelegate.m in Sources */,
				011C4077121353D9000BBD66 /* StringHelper.m in Sources */,
			);
			runOnlyForDeploymentPostprocessing = 0;
		};
/* End PBXSourcesBuildPhase section */

/* Begin XCBuildConfiguration section */
		1D6058940D05DD3E006BFB54 /* Debug */ = {
			isa = XCBuildConfiguration;
			buildSettings = {
				ALWAYS_SEARCH_USER_PATHS = NO;
				COPY_PHASE_STRIP = NO;
				GCC_DYNAMIC_NO_PIC = NO;
				GCC_OPTIMIZATION_LEVEL = 0;
				GCC_PRECOMPILE_PREFIX_HEADER = YES;
				GCC_PREFIX_HEADER = blueBoardPhone_Prefix.pch;
				INFOPLIST_FILE = "blueBoardPhone-Info.plist";
				PRODUCT_NAME = blueBoardPhone;
			};
			name = Debug;
		};
		1D6058950D05DD3E006BFB54 /* Release */ = {
			isa = XCBuildConfiguration;
			buildSettings = {
				ALWAYS_SEARCH_USER_PATHS = NO;
				COPY_PHASE_STRIP = YES;
				GCC_PRECOMPILE_PREFIX_HEADER = YES;
				GCC_PREFIX_HEADER = blueBoardPhone_Prefix.pch;
				INFOPLIST_FILE = "blueBoardPhone-Info.plist";
				PRODUCT_NAME = blueBoardPhone;
				VALIDATE_PRODUCT = YES;
			};
			name = Release;
		};
		C01FCF4F08A954540054247B /* Debug */ = {
			isa = XCBuildConfiguration;
			buildSettings = {
				ARCHS = "$(ARCHS_STANDARD_32_BIT)";
				"CODE_SIGN_IDENTITY[sdk=iphoneos*]" = "iPhone Developer";
				GCC_C_LANGUAGE_STANDARD = c99;
				GCC_WARN_ABOUT_RETURN_TYPE = YES;
				GCC_WARN_UNUSED_VARIABLE = YES;
				PREBINDING = NO;
				SDKROOT = iphoneos4.0;
			};
			name = Debug;
		};
		C01FCF5008A954540054247B /* Release */ = {
			isa = XCBuildConfiguration;
			buildSettings = {
				ARCHS = "$(ARCHS_STANDARD_32_BIT)";
				"CODE_SIGN_IDENTITY[sdk=iphoneos*]" = "iPhone Developer";
				GCC_C_LANGUAGE_STANDARD = c99;
				GCC_WARN_ABOUT_RETURN_TYPE = YES;
				GCC_WARN_UNUSED_VARIABLE = YES;
				OTHER_CFLAGS = "-DNS_BLOCK_ASSERTIONS=1";
				PREBINDING = NO;
				SDKROOT = iphoneos4.0;
			};
			name = Release;
		};
/* End XCBuildConfiguration section */

/* Begin XCConfigurationList section */
		1D6058960D05DD3E006BFB54 /* Build configuration list for PBXNativeTarget "blueBoardPhone" */ = {
			isa = XCConfigurationList;
			buildConfigurations = (
				1D6058940D05DD3E006BFB54 /* Debug */,
				1D6058950D05DD3E006BFB54 /* Release */,
			);
			defaultConfigurationIsVisible = 0;
			defaultConfigurationName = Release;
		};
		C01FCF4E08A954540054247B /* Build configuration list for PBXProject "blueBoardPhone" */ = {
			isa = XCConfigurationList;
			buildConfigurations = (
				C01FCF4F08A954540054247B /* Debug */,
				C01FCF5008A954540054247B /* Release */,
			);
			defaultConfigurationIsVisible = 0;
			defaultConfigurationName = Release;
		};
/* End XCConfigurationList section */
	};
	rootObject = 29B97313FDCFA39411CA2CEA /* Project object */;
}
